
Microsoft Visual Studio Solution File, Format Version 12.00
# Visual Studio Version 16
VisualStudioVersion = 16.0.30907.101
MinimumVisualStudioVersion = 10.0.40219.1
Project("{FAE04EC0-301F-11D3-BF4B-00C04F79EFBC}") = "Hawkeye", "Hawkeye.csproj", "{88939163-51E1-4001-AF26-5A44CF3D20D7}"
EndProject
Global
	GlobalSection(SolutionConfigurationPlatforms) = preSolution
		Debug|Any CPU = Debug|Any CPU
		Release|Any CPU = Release|Any CPU
	EndGlobalSection
	GlobalSection(ProjectConfigurationPlatforms) = postSolution
		{88939163-51E1-4001-AF26-5A44CF3D20D7}.Debug|Any CPU.ActiveCfg = Debug|Any CPU
		{88939163-51E1-4001-AF26-5A44CF3D20D7}.Debug|Any CPU.Build.0 = Debug|Any CPU
		{88939163-51E1-4001-AF26-5A44CF3D20D7}.Release|Any CPU.ActiveCfg = Release|Any CPU
		{88939163-51E1-4001-AF26-5A44CF3D20D7}.Release|Any CPU.Build.0 = Release|Any CPU
	EndGlobalSection
	GlobalSection(SolutionProperties) = preSolution
		HideSolutionNode = FALSE
	EndGlobalSection
	GlobalSection(ExtensibilityGlobals) = postSolution
		SolutionGuid = {103F85D0-086D-4B8D-A135-E5AA71013733}
	EndGlobalSection
EndGlobal
